lockfileVersion: '9.0'

settings:
  autoInstallPeers: true
  excludeLinksFromLockfile: false

importers:

  .:
    dependencies:
      '@standard-schema/spec':
        specifier: ^1.0.0
        version: 1.0.0
      clone:
        specifier: ^2.1.2
        version: 2.1.2
      zod:
        specifier: ^3.24.2
        version: 3.24.2
    devDependencies:
      '@types/clone':
        specifier: ^2.1.4
        version: 2.1.4

packages:

  '@standard-schema/spec@1.0.0':
    resolution: {integrity: sha512-m2bOd0f2RT9k8QJx1JN85cZYyH1RqFBdlwtkSlf4tBDYLCiiZnv1fIIwacK6cqwXavOydf0NPToMQgpKq+dVlA==}

  '@types/clone@2.1.4':
    resolution: {integrity: sha512-NKRWaEGaVGVLnGLB2GazvDaZnyweW9FJLLFL5LhywGJB3aqGMT9R/EUoJoSRP4nzofYnZysuDmrEJtJdAqUOtQ==}

  clone@2.1.2:
    resolution: {integrity: sha512-3Pe/CF1Nn94hyhIYpjtiLhdCoEoz0DqQ+988E9gmeEdQZlojxnOb74wctFyuwWQHzqyf9X7C7MG8juUpqBJT8w==}
    engines: {node: '>=0.8'}

  zod@3.24.2:
    resolution: {integrity: sha512-lY7CDW43ECgW9u1TcT3IoXHflywfVqDYze4waEz812jR/bZ8FHDsl7pFQoSZTz5N+2NqRXs8GBwnAwo3ZNxqhQ==}

snapshots:

  '@standard-schema/spec@1.0.0': {}

  '@types/clone@2.1.4': {}

  clone@2.1.2: {}

  zod@3.24.2: {}
